
Microsoft Visual Studio Solution File, Format Version 12.00
# Visual Studio Version 16
VisualStudioVersion = 16.0.29123.88
MinimumVisualStudioVersion = 10.0.40219.1
Project("{FAE04EC0-301F-11D3-BF4B-00C04F79EFBC}") = "EmployeeTable", "EmployeeTable\EmployeeTable.csproj", "{182059D3-E6ED-4784-8E7E-F1BAE133F445}"
EndProject
Global
	GlobalSection(SolutionConfigurationPlatforms) = preSolution
		Debug|Any CPU = Debug|Any CPU
		Release|Any CPU = Release|Any CPU
	EndGlobalSection
	GlobalSection(ProjectConfigurationPlatforms) = postSolution
		{182059D3-E6ED-4784-8E7E-F1BAE133F445}.Debug|Any CPU.ActiveCfg = Debug|Any CPU
		{182059D3-E6ED-4784-8E7E-F1BAE133F445}.Debug|Any CPU.Build.0 = Debug|Any CPU
		{182059D3-E6ED-4784-8E7E-F1BAE133F445}.Release|Any CPU.ActiveCfg = Release|Any CPU
		{182059D3-E6ED-4784-8E7E-F1BAE133F445}.Release|Any CPU.Build.0 = Release|Any CPU
	EndGlobalSection
	GlobalSection(SolutionProperties) = preSolution
		HideSolutionNode = FALSE
	EndGlobalSection
	GlobalSection(ExtensibilityGlobals) = postSolution
		SolutionGuid = {8576B72D-D1B8-4A73-9911-D35F4F6BA8CE}
	EndGlobalSection
EndGlobal
